
Microsoft Visual Studio Solution File, Format Version 12.00
# Visual Studio Version 17
VisualStudioVersion = 17.13.35931.197
MinimumVisualStudioVersion = 10.0.40219.1
Project("{2150E333-8FDC-42A3-9474-1A3956D46DE8}") = "src", "src", "{02EA681E-C7D8-13C7-8484-4AC65E1B71E8}"
EndProject
Project("{2150E333-8FDC-42A3-9474-1A3956D46DE8}") = "tests", "tests", "{871AD482-A06E-4A87-B46B-0BA1BF8CE94E}"
EndProject
Project("{FAE04EC0-301F-11D3-BF4B-00C04F79EFBC}") = "IST.Zeiterfassung.API", "IST.Zeiterfassung.API.csproj", "{AF0CAB04-F8D2-9897-D696-E102E0933351}"
	ProjectSection(ProjectDependencies) = postProject
		{37330EEF-615E-136D-B4B6-221F3E3B64BE} = {37330EEF-615E-136D-B4B6-221F3E3B64BE}
		{6F4145A8-2E59-8D25-D5AB-206BBB578C8E} = {6F4145A8-2E59-8D25-D5AB-206BBB578C8E}
		{8A2BB921-6CD9-2DD6-5731-8E87BC4661B7} = {8A2BB921-6CD9-2DD6-5731-8E87BC4661B7}
		{B38E1A70-6150-E24D-4CC0-CA7A72B6DE8E} = {B38E1A70-6150-E24D-4CC0-CA7A72B6DE8E}
	EndProjectSection
EndProject
Project("{FAE04EC0-301F-11D3-BF4B-00C04F79EFBC}") = "IST.Zeiterfassung.Persistence", "..\IST.Zeiterfassung.Persistence\IST.Zeiterfassung.Persistence.csproj", "{37330EEF-615E-136D-B4B6-221F3E3B64BE}"
	ProjectSection(ProjectDependencies) = postProject
		{398D5301-2D77-6187-D694-57D6D2756C7C} = {398D5301-2D77-6187-D694-57D6D2756C7C}
		{6F4145A8-2E59-8D25-D5AB-206BBB578C8E} = {6F4145A8-2E59-8D25-D5AB-206BBB578C8E}
		{8A2BB921-6CD9-2DD6-5731-8E87BC4661B7} = {8A2BB921-6CD9-2DD6-5731-8E87BC4661B7}
	EndProjectSection
EndProject
Project("{FAE04EC0-301F-11D3-BF4B-00C04F79EFBC}") = "IST.Zeiterfassung.Infrastructure", "..\IST.Zeiterfassung.Infrastructure\IST.Zeiterfassung.Infrastructure.csproj", "{B38E1A70-6150-E24D-4CC0-CA7A72B6DE8E}"
	ProjectSection(ProjectDependencies) = postProject
		{6F4145A8-2E59-8D25-D5AB-206BBB578C8E} = {6F4145A8-2E59-8D25-D5AB-206BBB578C8E}
		{8A2BB921-6CD9-2DD6-5731-8E87BC4661B7} = {8A2BB921-6CD9-2DD6-5731-8E87BC4661B7}
	EndProjectSection
EndProject
Project("{FAE04EC0-301F-11D3-BF4B-00C04F79EFBC}") = "IST.Zeiterfassung.Domain", "..\IST.Zeiterfassung.Domain\IST.Zeiterfassung.Domain.csproj", "{398D5301-2D77-6187-D694-57D6D2756C7C}"
EndProject
Project("{FAE04EC0-301F-11D3-BF4B-00C04F79EFBC}") = "IST.Zeiterfassung.Common", "..\IST.Zeiterfassung.Common\IST.Zeiterfassung.Common.csproj", "{6F4145A8-2E59-8D25-D5AB-206BBB578C8E}"
EndProject
Project("{FAE04EC0-301F-11D3-BF4B-00C04F79EFBC}") = "IST.Zeiterfassung.Application", "..\IST.Zeiterfassung.Application\IST.Zeiterfassung.Application.csproj", "{8A2BB921-6CD9-2DD6-5731-8E87BC4661B7}"
	ProjectSection(ProjectDependencies) = postProject
		{398D5301-2D77-6187-D694-57D6D2756C7C} = {398D5301-2D77-6187-D694-57D6D2756C7C}
		{6F4145A8-2E59-8D25-D5AB-206BBB578C8E} = {6F4145A8-2E59-8D25-D5AB-206BBB578C8E}
	EndProjectSection
EndProject
Project("{FAE04EC0-301F-11D3-BF4B-00C04F79EFBC}") = "IST.Zeiterfassung.Tests", "..\IST.Zeiterfassung.Tests\IST.Zeiterfassung.Tests.csproj", "{9C2D8A8F-3AA8-ED84-1419-B4149B34D86E}"
	ProjectSection(ProjectDependencies) = postProject
		{37330EEF-615E-136D-B4B6-221F3E3B64BE} = {37330EEF-615E-136D-B4B6-221F3E3B64BE}
		{6F4145A8-2E59-8D25-D5AB-206BBB578C8E} = {6F4145A8-2E59-8D25-D5AB-206BBB578C8E}
		{8A2BB921-6CD9-2DD6-5731-8E87BC4661B7} = {8A2BB921-6CD9-2DD6-5731-8E87BC4661B7}
		{AF0CAB04-F8D2-9897-D696-E102E0933351} = {AF0CAB04-F8D2-9897-D696-E102E0933351}
		{B38E1A70-6150-E24D-4CC0-CA7A72B6DE8E} = {B38E1A70-6150-E24D-4CC0-CA7A72B6DE8E}
	EndProjectSection
EndProject
Project("{2150E333-8FDC-42A3-9474-1A3956D46DE8}") = "Frontend_React", "Frontend_React", "{83A6BDCD-5633-479B-BB93-06A092F2EE2E}"
EndProject
Global
	GlobalSection(SolutionConfigurationPlatforms) = preSolution
		Debug|Any CPU = Debug|Any CPU
		Release|Any CPU = Release|Any CPU
	EndGlobalSection
	GlobalSection(ProjectConfigurationPlatforms) = postSolution
		{AF0CAB04-F8D2-9897-D696-E102E0933351}.Debug|Any CPU.ActiveCfg = Debug|Any CPU
		{AF0CAB04-F8D2-9897-D696-E102E0933351}.Debug|Any CPU.Build.0 = Debug|Any CPU
		{AF0CAB04-F8D2-9897-D696-E102E0933351}.Release|Any CPU.ActiveCfg = Release|Any CPU
		{AF0CAB04-F8D2-9897-D696-E102E0933351}.Release|Any CPU.Build.0 = Release|Any CPU
		{37330EEF-615E-136D-B4B6-221F3E3B64BE}.Debug|Any CPU.ActiveCfg = Debug|Any CPU
		{37330EEF-615E-136D-B4B6-221F3E3B64BE}.Debug|Any CPU.Build.0 = Debug|Any CPU
		{37330EEF-615E-136D-B4B6-221F3E3B64BE}.Release|Any CPU.ActiveCfg = Release|Any CPU
		{37330EEF-615E-136D-B4B6-221F3E3B64BE}.Release|Any CPU.Build.0 = Release|Any CPU
		{B38E1A70-6150-E24D-4CC0-CA7A72B6DE8E}.Debug|Any CPU.ActiveCfg = Debug|Any CPU
		{B38E1A70-6150-E24D-4CC0-CA7A72B6DE8E}.Debug|Any CPU.Build.0 = Debug|Any CPU
		{B38E1A70-6150-E24D-4CC0-CA7A72B6DE8E}.Release|Any CPU.ActiveCfg = Release|Any CPU
		{B38E1A70-6150-E24D-4CC0-CA7A72B6DE8E}.Release|Any CPU.Build.0 = Release|Any CPU
		{398D5301-2D77-6187-D694-57D6D2756C7C}.Debug|Any CPU.ActiveCfg = Debug|Any CPU
		{398D5301-2D77-6187-D694-57D6D2756C7C}.Debug|Any CPU.Build.0 = Debug|Any CPU
		{398D5301-2D77-6187-D694-57D6D2756C7C}.Release|Any CPU.ActiveCfg = Release|Any CPU
		{398D5301-2D77-6187-D694-57D6D2756C7C}.Release|Any CPU.Build.0 = Release|Any CPU
		{6F4145A8-2E59-8D25-D5AB-206BBB578C8E}.Debug|Any CPU.ActiveCfg = Debug|Any CPU
		{6F4145A8-2E59-8D25-D5AB-206BBB578C8E}.Debug|Any CPU.Build.0 = Debug|Any CPU
		{6F4145A8-2E59-8D25-D5AB-206BBB578C8E}.Release|Any CPU.ActiveCfg = Release|Any CPU
		{6F4145A8-2E59-8D25-D5AB-206BBB578C8E}.Release|Any CPU.Build.0 = Release|Any CPU
		{8A2BB921-6CD9-2DD6-5731-8E87BC4661B7}.Debug|Any CPU.ActiveCfg = Debug|Any CPU
		{8A2BB921-6CD9-2DD6-5731-8E87BC4661B7}.Debug|Any CPU.Build.0 = Debug|Any CPU
		{8A2BB921-6CD9-2DD6-5731-8E87BC4661B7}.Release|Any CPU.ActiveCfg = Release|Any CPU
		{8A2BB921-6CD9-2DD6-5731-8E87BC4661B7}.Release|Any CPU.Build.0 = Release|Any CPU
		{9C2D8A8F-3AA8-ED84-1419-B4149B34D86E}.Debug|Any CPU.ActiveCfg = Debug|Any CPU
		{9C2D8A8F-3AA8-ED84-1419-B4149B34D86E}.Debug|Any CPU.Build.0 = Debug|Any CPU
		{9C2D8A8F-3AA8-ED84-1419-B4149B34D86E}.Release|Any CPU.ActiveCfg = Release|Any CPU
		{9C2D8A8F-3AA8-ED84-1419-B4149B34D86E}.Release|Any CPU.Build.0 = Release|Any CPU
	EndGlobalSection
	GlobalSection(SolutionProperties) = preSolution
		HideSolutionNode = FALSE
	EndGlobalSection
	GlobalSection(NestedProjects) = preSolution
		{AF0CAB04-F8D2-9897-D696-E102E0933351} = {02EA681E-C7D8-13C7-8484-4AC65E1B71E8}
		{37330EEF-615E-136D-B4B6-221F3E3B64BE} = {02EA681E-C7D8-13C7-8484-4AC65E1B71E8}
		{B38E1A70-6150-E24D-4CC0-CA7A72B6DE8E} = {02EA681E-C7D8-13C7-8484-4AC65E1B71E8}
		{398D5301-2D77-6187-D694-57D6D2756C7C} = {02EA681E-C7D8-13C7-8484-4AC65E1B71E8}
		{6F4145A8-2E59-8D25-D5AB-206BBB578C8E} = {02EA681E-C7D8-13C7-8484-4AC65E1B71E8}
		{8A2BB921-6CD9-2DD6-5731-8E87BC4661B7} = {02EA681E-C7D8-13C7-8484-4AC65E1B71E8}
		{9C2D8A8F-3AA8-ED84-1419-B4149B34D86E} = {871AD482-A06E-4A87-B46B-0BA1BF8CE94E}
	EndGlobalSection
	GlobalSection(ExtensibilityGlobals) = postSolution
		SolutionGuid = {3C5DC7A5-10A1-4A6C-A911-2E6CC5FA95CD}
	EndGlobalSection
EndGlobal
